#MicroXplorer Configuration settings - do not modify
ADC1.Channel-3\#ChannelRegularConversion=ADC_CHANNEL_5
ADC1.IPParameters=Rank-3\#ChannelRegularConversion,Channel-3\#ChannelRegularConversion,SamplingTime-3\#ChannelRegularConversion,NbrOfConversionFlag,master
ADC1.NbrOfConversionFlag=1
ADC1.Rank-3\#ChannelRegularConversion=1
ADC1.SamplingTime-3\#ChannelRegularConversion=ADC_SAMPLETIME_1CYCLE_5
ADC1.master=1
File.Version=6
GPIO.groupedBy=Group By Peripherals
KeepUserPlacement=false
Mcu.Family=STM32F1
Mcu.IP0=ADC1
Mcu.IP1=NVIC
Mcu.IP10=TIM6
Mcu.IP11=TIM7
Mcu.IP12=TIM8
Mcu.IP13=UART4
Mcu.IP14=USART1
Mcu.IP2=RCC
Mcu.IP3=RTC
Mcu.IP4=SYS
Mcu.IP5=TIM1
Mcu.IP6=TIM2
Mcu.IP7=TIM3
Mcu.IP8=TIM4
Mcu.IP9=TIM5
Mcu.IPNb=15
Mcu.Name=STM32F103R(C-D-E)Tx
Mcu.Package=LQFP64
Mcu.Pin0=PC13-TAMPER-RTC
Mcu.Pin1=PC0
Mcu.Pin10=PA7
Mcu.Pin11=PC4
Mcu.Pin12=PC5
Mcu.Pin13=PB0
Mcu.Pin14=PB1
Mcu.Pin15=PC6
Mcu.Pin16=PC7
Mcu.Pin17=PC8
Mcu.Pin18=PC9
Mcu.Pin19=PA9
Mcu.Pin2=PC1
Mcu.Pin20=PA10
Mcu.Pin21=PA13
Mcu.Pin22=PA14
Mcu.Pin23=PA15
Mcu.Pin24=PC10
Mcu.Pin25=PC11
Mcu.Pin26=PC12
Mcu.Pin27=PD2
Mcu.Pin28=PB3
Mcu.Pin29=PB4
Mcu.Pin3=PC2
Mcu.Pin30=PB5
Mcu.Pin31=PB6
Mcu.Pin32=PB7
Mcu.Pin33=VP_RTC_VS_RTC_Activate
Mcu.Pin34=VP_RTC_VS_RTC_Calendar
Mcu.Pin35=VP_RTC_No_RTC_Output
Mcu.Pin36=VP_SYS_VS_Systick
Mcu.Pin37=VP_TIM1_VS_ClockSourceINT
Mcu.Pin38=VP_TIM6_VS_ClockSourceINT
Mcu.Pin39=VP_TIM7_VS_ClockSourceINT
Mcu.Pin4=PC3
Mcu.Pin40=VP_TIM8_VS_ClockSourceINT
Mcu.Pin5=PA0-WKUP
Mcu.Pin6=PA1
Mcu.Pin7=PA4
Mcu.Pin8=PA5
Mcu.Pin9=PA6
Mcu.PinsNb=41
Mcu.ThirdPartyNb=0
Mcu.UserConstants=
Mcu.UserName=STM32F103RCTx
MxCube.Version=6.3.0
MxDb.Version=DB.6.0.30
NVIC.BusFault_IRQn=true\:0\:0\:false\:false\:true\:false\:false
NVIC.DebugMonitor_IRQn=true\:0\:0\:false\:false\:true\:false\:false
NVIC.ForceEnableDMAVector=true
NVIC.HardFault_IRQn=true\:0\:0\:false\:false\:true\:false\:false
NVIC.MemoryManagement_IRQn=true\:0\:0\:false\:false\:true\:false\:false
NVIC.NonMaskableInt_IRQn=true\:0\:0\:false\:false\:true\:false\:false
NVIC.PendSV_IRQn=true\:0\:0\:false\:false\:true\:false\:false
NVIC.PriorityGroup=NVIC_PRIORITYGROUP_4
NVIC.SVCall_IRQn=true\:0\:0\:false\:false\:true\:false\:false
NVIC.SysTick_IRQn=true\:0\:0\:false\:false\:true\:false\:true
NVIC.TIM1_UP_IRQn=true\:6\:0\:true\:false\:true\:true\:true
NVIC.TIM2_IRQn=true\:4\:0\:true\:false\:true\:true\:true
NVIC.TIM3_IRQn=true\:4\:0\:true\:false\:true\:true\:true
NVIC.TIM4_IRQn=true\:4\:0\:true\:false\:true\:true\:true
NVIC.TIM5_IRQn=true\:4\:0\:true\:false\:true\:true\:true
NVIC.TIM6_IRQn=true\:0\:0\:false\:false\:true\:true\:true
NVIC.UART4_IRQn=true\:5\:0\:true\:false\:true\:true\:true
NVIC.USART1_IRQn=true\:5\:0\:true\:false\:true\:true\:true
NVIC.UsageFault_IRQn=true\:0\:0\:false\:false\:true\:false\:false
PA0-WKUP.GPIOParameters=GPIO_Label
PA0-WKUP.GPIO_Label=ENCODER_REAR_RIGHT_IN_1
PA0-WKUP.Signal=S_TIM5_CH1
PA1.GPIOParameters=GPIO_Label
PA1.GPIO_Label=ENCODER_REAR_RIGHT_IN_2
PA1.Signal=S_TIM5_CH2
PA10.GPIOParameters=GPIO_Label
PA10.GPIO_Label=CONSOLE_USART_RX
PA10.Mode=Asynchronous
PA10.Signal=USART1_RX
PA13.Mode=Serial_Wire
PA13.Signal=SYS_JTMS-SWDIO
PA14.Mode=Serial_Wire
PA14.Signal=SYS_JTCK-SWCLK
PA15.GPIOParameters=GPIO_Label
PA15.GPIO_Label=ENCODER_FRONT_RIGHT_IN_1
PA15.Signal=S_TIM2_CH1_ETR
PA4.GPIOParameters=GPIO_Speed,GPIO_Label
PA4.GPIO_Label=BLUETOOTH_SPI_CLK
PA4.GPIO_Speed=GPIO_SPEED_FREQ_HIGH
PA4.Locked=true
PA4.Signal=GPIO_Output
PA5.GPIOParameters=GPIO_Label
PA5.GPIO_Label=BATTERY_ADC
PA5.Locked=true
PA5.Signal=SharedAnalog_PA5
PA6.GPIOParameters=GPIO_Label
PA6.GPIO_Label=ENCODER_FRONT_LEFT_IN_1
PA6.Signal=S_TIM3_CH1
PA7.GPIOParameters=GPIO_Label
PA7.GPIO_Label=ENCODER_FRONT_LEFT_IN_2
PA7.Signal=S_TIM3_CH2
PA9.GPIOParameters=GPIO_Label
PA9.GPIO_Label=CONSOLE_USART_TX
PA9.Mode=Asynchronous
PA9.Signal=USART1_TX
PB0.GPIOParameters=GPIO_Speed,GPIO_Label
PB0.GPIO_Label=MOTOR_REAR_RIGHT_OUT_1
PB0.GPIO_Speed=GPIO_SPEED_FREQ_HIGH
PB0.Locked=true
PB0.Signal=GPIO_Output
PB1.GPIOParameters=GPIO_Speed,GPIO_Label
PB1.GPIO_Label=MOTOR_REAR_RIGHT_OUT_2
PB1.GPIO_Speed=GPIO_SPEED_FREQ_HIGH
PB1.Locked=true
PB1.Signal=GPIO_Output
PB3.GPIOParameters=GPIO_Label
PB3.GPIO_Label=ENCODER_FRONT_RIGHT_IN_2
PB3.Signal=S_TIM2_CH2
PB4.GPIOParameters=GPIO_Speed,GPIO_Label
PB4.GPIO_Label=MOTOR_FRONT_LEFT_OUT_2
PB4.GPIO_Speed=GPIO_SPEED_FREQ_HIGH
PB4.Locked=true
PB4.Signal=GPIO_Output
PB5.GPIOParameters=GPIO_Speed,GPIO_Label
PB5.GPIO_Label=MOTOR_FRONT_LEFT_OUT_1
PB5.GPIO_Speed=GPIO_SPEED_FREQ_HIGH
PB5.Locked=true
PB5.Signal=GPIO_Output
PB6.GPIOParameters=GPIO_Label
PB6.GPIO_Label=ENCODER_REAR_LEFT_IN_1
PB6.Signal=S_TIM4_CH1
PB7.GPIOParameters=GPIO_Label
PB7.GPIO_Label=ENCODER_REAR_LEFT_IN_2
PB7.Signal=S_TIM4_CH2
PC0.GPIOParameters=GPIO_Label
PC0.GPIO_Label=SW_RESET
PC0.Locked=true
PC0.Signal=GPIO_Input
PC1.GPIOParameters=GPIO_Speed,GPIO_Label
PC1.GPIO_Label=BLUETOOTH_SPI_CMD
PC1.GPIO_Speed=GPIO_SPEED_FREQ_HIGH
PC1.Locked=true
PC1.Signal=GPIO_Output
PC10.GPIOParameters=GPIO_Label
PC10.GPIO_Label=MASTER_USART_TX
PC10.Mode=Asynchronous
PC10.Signal=UART4_TX
PC11.GPIOParameters=GPIO_Label
PC11.GPIO_Label=MASTER_USART_RX
PC11.Mode=Asynchronous
PC11.Signal=UART4_RX
PC12.GPIOParameters=GPIO_Speed,GPIO_Label
PC12.GPIO_Label=MOTOR_FRONT_RIGHT_OUT_2
PC12.GPIO_Speed=GPIO_SPEED_FREQ_HIGH
PC12.Locked=true
PC12.Signal=GPIO_Output
PC13-TAMPER-RTC.GPIOParameters=GPIO_Label
PC13-TAMPER-RTC.GPIO_Label=BLUE_LED
PC13-TAMPER-RTC.Locked=true
PC13-TAMPER-RTC.Signal=GPIO_Output
PC2.GPIOParameters=GPIO_Label
PC2.GPIO_Label=BLUETOOTH_SPI_DAT
PC2.Locked=true
PC2.Signal=GPIO_Input
PC3.GPIOParameters=GPIO_Speed,GPIO_Label
PC3.GPIO_Label=BLUETOOTH_SPI_CS
PC3.GPIO_Speed=GPIO_SPEED_FREQ_HIGH
PC3.Locked=true
PC3.Signal=GPIO_Output
PC4.GPIOParameters=GPIO_Speed,GPIO_Label
PC4.GPIO_Label=MOTOR_REAR_LEFT_OUT_1
PC4.GPIO_Speed=GPIO_SPEED_FREQ_HIGH
PC4.Locked=true
PC4.Signal=GPIO_Output
PC5.GPIOParameters=GPIO_Speed,GPIO_Label
PC5.GPIO_Label=MOTOR_REAR_LEFT_OUT_2
PC5.GPIO_Speed=GPIO_SPEED_FREQ_HIGH
PC5.Locked=true
PC5.Signal=GPIO_Output
PC6.GPIOParameters=GPIO_Speed,GPIO_Label
PC6.GPIO_Label=MOTOR_REAR_RIGHT_PWM
PC6.GPIO_Speed=GPIO_SPEED_FREQ_HIGH
PC6.Locked=true
PC6.Signal=S_TIM8_CH1
PC7.GPIOParameters=GPIO_Speed,GPIO_Label
PC7.GPIO_Label=MOTOR_REAR_LEFT_PWM
PC7.GPIO_Speed=GPIO_SPEED_FREQ_HIGH
PC7.Locked=true
PC7.Signal=S_TIM8_CH2
PC8.GPIOParameters=GPIO_Speed,GPIO_Label
PC8.GPIO_Label=MOTOR_FRONT_RIGHT_PWM
PC8.GPIO_Speed=GPIO_SPEED_FREQ_HIGH
PC8.Locked=true
PC8.Signal=S_TIM8_CH3
PC9.GPIOParameters=GPIO_Speed,GPIO_Label
PC9.GPIO_Label=MOTOR_FRONT_LEFT_PWM
PC9.GPIO_Speed=GPIO_SPEED_FREQ_HIGH
PC9.Locked=true
PC9.Signal=S_TIM8_CH4
PD2.GPIOParameters=GPIO_Speed,GPIO_Label
PD2.GPIO_Label=MOTOR_FRONT_RIGHT_OUT_1
PD2.GPIO_Speed=GPIO_SPEED_FREQ_HIGH
PD2.Locked=true
PD2.Signal=GPIO_Output
PinOutPanel.RotationAngle=0
ProjectManager.AskForMigrate=true
ProjectManager.BackupPrevious=false
ProjectManager.CompilerOptimize=6
ProjectManager.ComputerToolchain=false
ProjectManager.CoupleFile=false
ProjectManager.CustomerFirmwarePackage=
ProjectManager.DefaultFWLocation=true
ProjectManager.DeletePrevious=true
ProjectManager.DeviceId=STM32F103RCTx
ProjectManager.FirmwarePackage=STM32Cube FW_F1 V1.8.4
ProjectManager.FreePins=false
ProjectManager.HalAssertFull=true
ProjectManager.HeapSize=0x200
ProjectManager.KeepUserCode=true
ProjectManager.LastFirmware=true
ProjectManager.LibraryCopy=1
ProjectManager.MainLocation=Core/Src
ProjectManager.NoMain=false
ProjectManager.PreviousToolchain=
ProjectManager.ProjectBuild=false
ProjectManager.ProjectFileName=RCFW.ioc
ProjectManager.ProjectName=RCFW
ProjectManager.RegisterCallBack=TIM,UART
ProjectManager.StackSize=0x400
ProjectManager.TargetToolchain=STM32CubeIDE
ProjectManager.ToolChainLocation=
ProjectManager.UnderRoot=true
ProjectManager.functionlistsort=1-MX_GPIO_Init-GPIO-false-HAL-true,2-SystemClock_Config-RCC-false-HAL-true,3-MX_USART1_UART_Init-USART1-false-HAL-true,4-MX_UART4_Init-UART4-false-HAL-true,5-MX_ADC1_Init-ADC1-false-HAL-true,6-MX_RTC_Init-RTC-false-HAL-true,7-MX_TIM1_Init-TIM1-false-HAL-true,8-MX_TIM2_Init-TIM2-false-HAL-true,9-MX_TIM3_Init-TIM3-false-HAL-true,10-MX_TIM4_Init-TIM4-false-HAL-true,11-MX_TIM5_Init-TIM5-false-HAL-true,12-MX_TIM6_Init-TIM6-false-HAL-true,13-MX_TIM7_Init-TIM7-false-HAL-true,14-MX_TIM8_Init-TIM8-false-HAL-true
RCC.APB1Freq_Value=8000000
RCC.APB2Freq_Value=8000000
RCC.FamilyName=M
RCC.IPParameters=APB1Freq_Value,APB2Freq_Value,FamilyName,PLLCLKFreq_Value,PLLMCOFreq_Value,TimSysFreq_Value
RCC.PLLCLKFreq_Value=8000000
RCC.PLLMCOFreq_Value=4000000
RCC.TimSysFreq_Value=8000000
SH.S_TIM2_CH1_ETR.0=TIM2_CH1,Encoder_Interface
SH.S_TIM2_CH1_ETR.ConfNb=1
SH.S_TIM2_CH2.0=TIM2_CH2,Encoder_Interface
SH.S_TIM2_CH2.ConfNb=1
SH.S_TIM3_CH1.0=TIM3_CH1,Encoder_Interface
SH.S_TIM3_CH1.ConfNb=1
SH.S_TIM3_CH2.0=TIM3_CH2,Encoder_Interface
SH.S_TIM3_CH2.ConfNb=1
SH.S_TIM4_CH1.0=TIM4_CH1,Encoder_Interface
SH.S_TIM4_CH1.ConfNb=1
SH.S_TIM4_CH2.0=TIM4_CH2,Encoder_Interface
SH.S_TIM4_CH2.ConfNb=1
SH.S_TIM5_CH1.0=TIM5_CH1,Encoder_Interface
SH.S_TIM5_CH1.ConfNb=1
SH.S_TIM5_CH2.0=TIM5_CH2,Encoder_Interface
SH.S_TIM5_CH2.ConfNb=1
SH.S_TIM8_CH1.0=TIM8_CH1,PWM Generation1 CH1
SH.S_TIM8_CH1.ConfNb=1
SH.S_TIM8_CH2.0=TIM8_CH2,PWM Generation2 CH2
SH.S_TIM8_CH2.ConfNb=1
SH.S_TIM8_CH3.0=TIM8_CH3,PWM Generation3 CH3
SH.S_TIM8_CH3.ConfNb=1
SH.S_TIM8_CH4.0=TIM8_CH4,PWM Generation4 CH4
SH.S_TIM8_CH4.ConfNb=1
SH.SharedAnalog_PA5.0=GPIO_Analog
SH.SharedAnalog_PA5.1=ADC1_IN5,IN5
SH.SharedAnalog_PA5.ConfNb=2
TIM1.AutoReloadPreload=TIM_AUTORELOAD_PRELOAD_ENABLE
TIM1.IPParameters=Prescaler,Period,AutoReloadPreload
TIM1.Period=249
TIM1.Prescaler=7999
TIM2.AutoReloadPreload=TIM_AUTORELOAD_PRELOAD_ENABLE
TIM2.EncoderMode=TIM_ENCODERMODE_TI12
TIM2.IC1Filter=10
TIM2.IPParameters=EncoderMode,AutoReloadPreload,IC1Filter
TIM3.AutoReloadPreload=TIM_AUTORELOAD_PRELOAD_ENABLE
TIM3.EncoderMode=TIM_ENCODERMODE_TI12
TIM3.IC1Filter=10
TIM3.IC1Polarity=TIM_ICPOLARITY_RISING
TIM3.IC2Polarity=TIM_ICPOLARITY_RISING
TIM3.IPParameters=EncoderMode,IC1Filter,AutoReloadPreload,IC1Polarity,IC2Polarity
TIM4.AutoReloadPreload=TIM_AUTORELOAD_PRELOAD_ENABLE
TIM4.EncoderMode=TIM_ENCODERMODE_TI12
TIM4.IC1Filter=10
TIM4.IPParameters=AutoReloadPreload,EncoderMode,IC1Filter
TIM5.AutoReloadPreload=TIM_AUTORELOAD_PRELOAD_ENABLE
TIM5.EncoderMode=TIM_ENCODERMODE_TI12
TIM5.IC1Filter=10
TIM5.IPParameters=AutoReloadPreload,EncoderMode,IC1Filter
TIM6.AutoReloadPreload=TIM_AUTORELOAD_PRELOAD_ENABLE
TIM6.IPParameters=Prescaler,AutoReloadPreload
TIM6.Prescaler=7
TIM7.AutoReloadPreload=TIM_AUTORELOAD_PRELOAD_ENABLE
TIM7.IPParameters=Prescaler,AutoReloadPreload
TIM7.Prescaler=7
TIM8.AutoReloadPreload=TIM_AUTORELOAD_PRELOAD_ENABLE
TIM8.Channel-Output\ Compare4\ CH4=TIM_CHANNEL_4
TIM8.Channel-PWM\ Generation1\ CH1=TIM_CHANNEL_1
TIM8.Channel-PWM\ Generation2\ CH2=TIM_CHANNEL_2
TIM8.Channel-PWM\ Generation3\ CH3=TIM_CHANNEL_3
TIM8.Channel-PWM\ Generation4\ CH4=TIM_CHANNEL_4
TIM8.CounterMode=TIM_COUNTERMODE_CENTERALIGNED1
TIM8.IPParameters=Period,AutoReloadPreload,Prescaler,Channel-PWM Generation1 CH1,Channel-PWM Generation2 CH2,Channel-PWM Generation3 CH3,Channel-PWM Generation4 CH4,Channel-Output Compare4 CH4,CounterMode
TIM8.Period=100
TIM8.Prescaler=7
UART4.BaudRate=115200
UART4.IPParameters=VirtualMode,BaudRate
UART4.VirtualMode=Asynchronous
USART1.BaudRate=115200
USART1.IPParameters=VirtualMode,BaudRate
USART1.VirtualMode=VM_ASYNC
VP_RTC_No_RTC_Output.Mode=RTC_OUT_NO
VP_RTC_No_RTC_Output.Signal=RTC_No_RTC_Output
VP_RTC_VS_RTC_Activate.Mode=RTC_Enabled
VP_RTC_VS_RTC_Activate.Signal=RTC_VS_RTC_Activate
VP_RTC_VS_RTC_Calendar.Mode=RTC_Calendar
VP_RTC_VS_RTC_Calendar.Signal=RTC_VS_RTC_Calendar
VP_SYS_VS_Systick.Mode=SysTick
VP_SYS_VS_Systick.Signal=SYS_VS_Systick
VP_TIM1_VS_ClockSourceINT.Mode=Internal
VP_TIM1_VS_ClockSourceINT.Signal=TIM1_VS_ClockSourceINT
VP_TIM6_VS_ClockSourceINT.Mode=Enable_Timer
VP_TIM6_VS_ClockSourceINT.Signal=TIM6_VS_ClockSourceINT
VP_TIM7_VS_ClockSourceINT.Mode=Enable_Timer
VP_TIM7_VS_ClockSourceINT.Signal=TIM7_VS_ClockSourceINT
VP_TIM8_VS_ClockSourceINT.Mode=Internal
VP_TIM8_VS_ClockSourceINT.Signal=TIM8_VS_ClockSourceINT
board=custom
isbadioc=false
